
Microsoft Visual Studio Solution File, Format Version 12.00
# Visual Studio Version 17
VisualStudioVersion = 17.11.35303.130
MinimumVisualStudioVersion = 10.0.40219.1
Project("{FAE04EC0-301F-11D3-BF4B-00C04F79EFBC}") = "cardValidate", "cardValidate\cardValidate.csproj", "{AE046C0F-30B4-429D-83F6-539F3E874B3E}"
EndProject
Project("{FAE04EC0-301F-11D3-BF4B-00C04F79EFBC}") = "CardValidationAPI.Tests", "CardValidationAPI.Tests\CardValidationAPI.Tests.csproj", "{724A184B-096A-45CE-9E44-3D75587A07BC}"
EndProject
Global
	GlobalSection(SolutionConfigurationPlatforms) = preSolution
		Debug|Any CPU = Debug|Any CPU
		Release|Any CPU = Release|Any CPU
	EndGlobalSection
	GlobalSection(ProjectConfigurationPlatforms) = postSolution
		{AE046C0F-30B4-429D-83F6-539F3E874B3E}.Debug|Any CPU.ActiveCfg = Debug|Any CPU
		{AE046C0F-30B4-429D-83F6-539F3E874B3E}.Debug|Any CPU.Build.0 = Debug|Any CPU
		{AE046C0F-30B4-429D-83F6-539F3E874B3E}.Release|Any CPU.ActiveCfg = Release|Any CPU
		{AE046C0F-30B4-429D-83F6-539F3E874B3E}.Release|Any CPU.Build.0 = Release|Any CPU
		{724A184B-096A-45CE-9E44-3D75587A07BC}.Debug|Any CPU.ActiveCfg = Debug|Any CPU
		{724A184B-096A-45CE-9E44-3D75587A07BC}.Debug|Any CPU.Build.0 = Debug|Any CPU
		{724A184B-096A-45CE-9E44-3D75587A07BC}.Release|Any CPU.ActiveCfg = Release|Any CPU
		{724A184B-096A-45CE-9E44-3D75587A07BC}.Release|Any CPU.Build.0 = Release|Any CPU
	EndGlobalSection
	GlobalSection(SolutionProperties) = preSolution
		HideSolutionNode = FALSE
	EndGlobalSection
	GlobalSection(ExtensibilityGlobals) = postSolution
		SolutionGuid = {FC30F394-2F4A-4A41-AF74-C5EE0026FB4A}
	EndGlobalSection
EndGlobal
